
Microsoft Visual Studio Solution File, Format Version 12.00
# Visual Studio Version 17
VisualStudioVersion = 17.4.33122.133
MinimumVisualStudioVersion = 10.0.40219.1
Project("{9A19103F-16F7-4668-BE54-9A1E7A4F7556}") = "LorafyAPI", "LorafyAPI\LorafyAPI.csproj", "{FE78F417-E493-48E1-A49A-38B19F0D35E8}"
EndProject
Global
	GlobalSection(SolutionConfigurationPlatforms) = preSolution
		Debug|Any CPU = Debug|Any CPU
		Release|Any CPU = Release|Any CPU
	EndGlobalSection
	GlobalSection(ProjectConfigurationPlatforms) = postSolution
		{FE78F417-E493-48E1-A49A-38B19F0D35E8}.Debug|Any CPU.ActiveCfg = Debug|Any CPU
		{FE78F417-E493-48E1-A49A-38B19F0D35E8}.Debug|Any CPU.Build.0 = Debug|Any CPU
		{FE78F417-E493-48E1-A49A-38B19F0D35E8}.Release|Any CPU.ActiveCfg = Release|Any CPU
		{FE78F417-E493-48E1-A49A-38B19F0D35E8}.Release|Any CPU.Build.0 = Release|Any CPU
	EndGlobalSection
	GlobalSection(SolutionProperties) = preSolution
		HideSolutionNode = FALSE
	EndGlobalSection
	GlobalSection(ExtensibilityGlobals) = postSolution
		SolutionGuid = {E401AF1B-7A67-46E4-A609-DB660D6CEFB4}
	EndGlobalSection
EndGlobal
